// !$*UTF8*$!
{
	archiveVersion = 1;
	classes = {
	};
	objectVersion = 46;
	objects = {

/* Begin PBXBuildFile section */
		A70DCCC81C0B800B005D3881 /* main.cpp in Sources */ = {isa = PBXBuildFile; fileRef = A70DCCC71C0B800B005D3881 /* main.cpp */; };
/* End PBXBuildFile section */

/* Begin PBXCopyFilesBuildPhase section */
		A7D1B79E1C0B7F7A00541541 /* CopyFiles */ = {
			isa = PBXCopyFilesBuildPhase;
			buildActionMask = 2147483647;
			dstPath = /usr/share/man/man1/;
			dstSubfolderSpec = 0;
			files = (
			);
			runOnlyForDeploymentPostprocessing = 1;
		};
/* End PBXCopyFilesBuildPhase section */

/* Begin PBXFileReference section */
		A70DCCC51C0B7FD0005D3881 /* include */ = {isa = PBXFileReference; lastKnownFileType = folder; name = include; path = ../include; sourceTree = "<group>"; };
		A70DCCC61C0B7FE0005D3881 /* src */ = {isa = PBXFileReference; lastKnownFileType = folder; name = src; path = ../src; sourceTree = "<group>"; };
		A70DCCC71C0B800B005D3881 /* main.cpp */ = {isa = PBXFileReference; fileEncoding = 4; lastKnownFileType = sourcecode.cpp.cpp; name = main.cpp; path = ../main.cpp; sourceTree = "<group>"; };
		A7D1B7A01C0B7F7A00541541 /* iPong */ = {isa = PBXFileReference; explicitFileType = "compiled.mach-o.executable"; includeInIndex = 0; path = iPong; sourceTree = BUILT_PRODUCTS_DIR; };
/* End PBXFileReference section */

/* Begin PBXFrameworksBuildPhase section */
		A7D1B79D1C0B7F7A00541541 /* Frameworks */ = {
			isa = PBXFrameworksBuildPhase;
			buildActionMask = 2147483647;
			files = (
			);
			runOnlyForDeploymentPostprocessing = 0;
		};
/* End PBXFrameworksBuildPhase section */

/* Begin PBXGroup section */
		A7D1B7971C0B7F7A00541541 = {
			isa = PBXGroup;
			children = (
				A70DCCC71C0B800B005D3881 /* main.cpp */,
				A70DCCC61C0B7FE0005D3881 /* src */,
				A70DCCC51C0B7FD0005D3881 /* include */,
				A7D1B7A11C0B7F7A00541541 /* Products */,
			);
			sourceTree = "<group>";
		};
		A7D1B7A11C0B7F7A00541541 /* Products */ = {
			isa = PBXGroup;
			children = (
				A7D1B7A01C0B7F7A00541541 /* iPong */,
			);
			name = Products;
			sourceTree = "<group>";
		};
/* End PBXGroup section */

/* Begin PBXNativeTarget section */
		A7D1B79F1C0B7F7A00541541 /* iPong */ = {
			isa = PBXNativeTarget;
			buildConfigurationList = A7D1B7A71C0B7F7A00541541 /* Build configuration list for PBXNativeTarget "iPong" */;
			buildPhases = (
				A7D1B79C1C0B7F7A00541541 /* Sources */,
				A7D1B79D1C0B7F7A00541541 /* Frameworks */,
				A7D1B79E1C0B7F7A00541541 /* CopyFiles */,
			);
			buildRules = (
			);
			dependencies = (
			);
			name = iPong;
			productName = iPong;
			productReference = A7D1B7A01C0B7F7A00541541 /* iPong */;
			productType = "com.apple.product-type.tool";
		};
/* End PBXNativeTarget section */

/* Begin PBXProject section */
		A7D1B7981C0B7F7A00541541 /* Project object */ = {
			isa = PBXProject;
			attributes = {
				LastUpgradeCheck = 0710;
				ORGANIZATIONNAME = prasence;
				TargetAttributes = {
					A7D1B79F1C0B7F7A00541541 = {
						CreatedOnToolsVersion = 7.1.1;
					};
				};
			};
			buildConfigurationList = A7D1B79B1C0B7F7A00541541 /* Build configuration list for PBXProject "iPong" */;
			compatibilityVersion = "Xcode 3.2";
			developmentRegion = English;
			hasScannedForEncodings = 0;
			knownRegions = (
				en,
			);
			mainGroup = A7D1B7971C0B7F7A00541541;
			productRefGroup = A7D1B7A11C0B7F7A00541541 /* Products */;
			projectDirPath = "";
			projectRoot = "";
			targets = (
				A7D1B79F1C0B7F7A00541541 /* iPong */,
			);
		};
/* End PBXProject section */

/* Begin PBXSourcesBuildPhase section */
		A7D1B79C1C0B7F7A00541541 /* Sources */ = {
			isa = PBXSourcesBuildPhase;
			buildActionMask = 2147483647;
			files = (
				A70DCCC81C0B800B005D3881 /* main.cpp in Sources */,
			);
			runOnlyForDeploymentPostprocessing = 0;
		};
/* End PBXSourcesBuildPhase section */

/* Begin XCBuildConfiguration section */
		A7D1B7A51C0B7F7A00541541 /* Debug */ = {
			isa = XCBuildConfiguration;
			buildSettings = {
				ALWAYS_SEARCH_USER_PATHS = NO;
				CLANG_CXX_LANGUAGE_STANDARD = "compiler-default";
				CLANG_CXX_LIBRARY = "compiler-default";
				CLANG_ENABLE_MODULES = YES;
				CLANG_ENABLE_OBJC_ARC = YES;
				CLANG_WARN_BOOL_CONVERSION = YES;
				CLANG_WARN_CONSTANT_CONVERSION = YES;
				CLANG_WARN_DIRECT_OBJC_ISA_USAGE = YES_ERROR;
				CLANG_WARN_EMPTY_BODY = YES;
				CLANG_WARN_ENUM_CONVERSION = YES;
				CLANG_WARN_INT_CONVERSION = YES;
				CLANG_WARN_OBJC_ROOT_CLASS = YES_ERROR;
				CLANG_WARN_UNREACHABLE_CODE = YES;
				CLANG_WARN__DUPLICATE_METHOD_MATCH = YES;
				COPY_PHASE_STRIP = NO;
				DEBUG_INFORMATION_FORMAT = dwarf;
				ENABLE_STRICT_OBJC_MSGSEND = YES;
				FRAMEWORK_SEARCH_PATHS = /Users/piit/Wolke/Development/libraries/lib_files/mac/universal/debug;
				GCC_C_LANGUAGE_STANDARD = "compiler-default";
				GCC_DYNAMIC_NO_PIC = NO;
				GCC_NO_COMMON_BLOCKS = YES;
				GCC_OPTIMIZATION_LEVEL = 0;
				GCC_PREPROCESSOR_DEFINITIONS = (
					"DEBUG=1",
					"$(inherited)",
				);
				GCC_SYMBOLS_PRIVATE_EXTERN = NO;
				GCC_WARN_64_TO_32_BIT_CONVERSION = YES;
				GCC_WARN_ABOUT_RETURN_TYPE = YES_ERROR;
				GCC_WARN_UNDECLARED_SELECTOR = YES;
				GCC_WARN_UNINITIALIZED_AUTOS = YES_AGGRESSIVE;
				GCC_WARN_UNUSED_FUNCTION = YES;
				GCC_WARN_UNUSED_VARIABLE = YES;
				HEADER_SEARCH_PATHS = /Users/piit/Wolke/Development/libraries/includes;
				MACOSX_DEPLOYMENT_TARGET = 10.5;
				MTL_ENABLE_DEBUG_INFO = YES;
				ONLY_ACTIVE_ARCH = YES;
				OTHER_LDFLAGS = (
					"-framework",
					SDL2,
					"-framework",
					cocoa,
				);
				SDKROOT = macosx;
				SYMROOT = ../build/mac;
			};
			name = Debug;
		};
		A7D1B7A61C0B7F7A00541541 /* Release */ = {
			isa = XCBuildConfiguration;
			buildSettings = {
				ALWAYS_SEARCH_USER_PATHS = NO;
				CLANG_CXX_LANGUAGE_STANDARD = "compiler-default";
				CLANG_CXX_LIBRARY = "compiler-default";
				CLANG_ENABLE_MODULES = YES;
				CLANG_ENABLE_OBJC_ARC = YES;
				CLANG_WARN_BOOL_CONVERSION = YES;
				CLANG_WARN_CONSTANT_CONVERSION = YES;
				CLANG_WARN_DIRECT_OBJC_ISA_USAGE = YES_ERROR;
				CLANG_WARN_EMPTY_BODY = YES;
				CLANG_WARN_ENUM_CONVERSION = YES;
				CLANG_WARN_INT_CONVERSION = YES;
				CLANG_WARN_OBJC_ROOT_CLASS = YES_ERROR;
				CLANG_WARN_UNREACHABLE_CODE = YES;
				CLANG_WARN__DUPLICATE_METHOD_MATCH = YES;
				COPY_PHASE_STRIP = NO;
				DEBUG_INFORMATION_FORMAT = "dwarf-with-dsym";
				ENABLE_NS_ASSERTIONS = NO;
				ENABLE_STRICT_OBJC_MSGSEND = YES;
				FRAMEWORK_SEARCH_PATHS = /Users/piit/Wolke/Development/libraries/lib_files/mac/universal/release;
				GCC_C_LANGUAGE_STANDARD = "compiler-default";
				GCC_NO_COMMON_BLOCKS = YES;
				GCC_WARN_64_TO_32_BIT_CONVERSION = YES;
				GCC_WARN_ABOUT_RETURN_TYPE = YES_ERROR;
				GCC_WARN_UNDECLARED_SELECTOR = YES;
				GCC_WARN_UNINITIALIZED_AUTOS = YES_AGGRESSIVE;
				GCC_WARN_UNUSED_FUNCTION = YES;
				GCC_WARN_UNUSED_VARIABLE = YES;
				HEADER_SEARCH_PATHS = /Users/piit/Wolke/Development/libraries/includes;
				MACOSX_DEPLOYMENT_TARGET = 10.5;
				MTL_ENABLE_DEBUG_INFO = NO;
				ONLY_ACTIVE_ARCH = YES;
				OTHER_LDFLAGS = (
					"-framework",
					SDL2,
					"-framework",
					cocoa,
				);
				SDKROOT = macosx;
				SYMROOT = ../build/mac;
			};
			name = Release;
		};
		A7D1B7A81C0B7F7A00541541 /* Debug */ = {
			isa = XCBuildConfiguration;
			buildSettings = {
				PRODUCT_NAME = "$(TARGET_NAME)";
			};
			name = Debug;
		};
		A7D1B7A91C0B7F7A00541541 /* Release */ = {
			isa = XCBuildConfiguration;
			buildSettings = {
				PRODUCT_NAME = "$(TARGET_NAME)";
			};
			name = Release;
		};
/* End XCBuildConfiguration section */

/* Begin XCConfigurationList section */
		A7D1B79B1C0B7F7A00541541 /* Build configuration list for PBXProject "iPong" */ = {
			isa = XCConfigurationList;
			buildConfigurations = (
				A7D1B7A51C0B7F7A00541541 /* Debug */,
				A7D1B7A61C0B7F7A00541541 /* Release */,
			);
			defaultConfigurationIsVisible = 0;
			defaultConfigurationName = Release;
		};
		A7D1B7A71C0B7F7A00541541 /* Build configuration list for PBXNativeTarget "iPong" */ = {
			isa = XCConfigurationList;
			buildConfigurations = (
				A7D1B7A81C0B7F7A00541541 /* Debug */,
				A7D1B7A91C0B7F7A00541541 /* Release */,
			);
			defaultConfigurationIsVisible = 0;
			defaultConfigurationName = Release;
		};
/* End XCConfigurationList section */
	};
	rootObject = A7D1B7981C0B7F7A00541541 /* Project object */;
}
